// !$*UTF8*$!
{
	archiveVersion = 1;
	classes = {
	};
	objectVersion = 55;
	objects = {

/* Begin PBXBuildFile section */
		F76AF281278ED91C00091259 /* SwiftUIPreviewsApp.swift in Sources */ = {isa = PBXBuildFile; fileRef = F76AF280278ED91C00091259 /* SwiftUIPreviewsApp.swift */; };
		F76AF283278ED91C00091259 /* ContentView.swift in Sources */ = {isa = PBXBuildFile; fileRef = F76AF282278ED91C00091259 /* ContentView.swift */; };
		F76AF285278ED91E00091259 /* Assets.xcassets in Resources */ = {isa = PBXBuildFile; fileRef = F76AF284278ED91E00091259 /* Assets.xcassets */; };
		F76AF288278ED91E00091259 /* Preview Assets.xcassets in Resources */ = {isa = PBXBuildFile; fileRef = F76AF287278ED91E00091259 /* Preview Assets.xcassets */; };
		F76AF28F278EE0BA00091259 /* ContentSizeCategoryView.swift in Sources */ = {isa = PBXBuildFile; fileRef = F76AF28E278EE0BA00091259 /* ContentSizeCategoryView.swift */; };
		F76AF294278EE30000091259 /* DarkModeView.swift in Sources */ = {isa = PBXBuildFile; fileRef = F76AF293278EE30000091259 /* DarkModeView.swift */; };
		F76AF296278EE35B00091259 /* SmileCellView.swift in Sources */ = {isa = PBXBuildFile; fileRef = F76AF295278EE35B00091259 /* SmileCellView.swift */; };
		F76AF298278EE51300091259 /* DevicesView.swift in Sources */ = {isa = PBXBuildFile; fileRef = F76AF297278EE51300091259 /* DevicesView.swift */; };
		F76AF29A278EF98F00091259 /* Main.storyboard in Resources */ = {isa = PBXBuildFile; fileRef = F76AF299278EF98F00091259 /* Main.storyboard */; };
		F76AF29C278EFB1F00091259 /* HomeViewController_Previews.swift in Sources */ = {isa = PBXBuildFile; fileRef = F76AF29B278EFB1F00091259 /* HomeViewController_Previews.swift */; };
		F76AF29F278EFB8F00091259 /* HomeViewController.swift in Sources */ = {isa = PBXBuildFile; fileRef = F76AF29E278EFB8F00091259 /* HomeViewController.swift */; };
/* End PBXBuildFile section */

/* Begin PBXFileReference section */
		F76AF27D278ED91C00091259 /* SwiftUIPreviews.app */ = {isa = PBXFileReference; explicitFileType = wrapper.application; includeInIndex = 0; path = SwiftUIPreviews.app; sourceTree = BUILT_PRODUCTS_DIR; };
		F76AF280278ED91C00091259 /* SwiftUIPreviewsApp.swift */ = {isa = PBXFileReference; lastKnownFileType = sourcecode.swift; path = SwiftUIPreviewsApp.swift; sourceTree = "<group>"; };
		F76AF282278ED91C00091259 /* ContentView.swift */ = {isa = PBXFileReference; lastKnownFileType = sourcecode.swift; path = ContentView.swift; sourceTree = "<group>"; };
		F76AF284278ED91E00091259 /* Assets.xcassets */ = {isa = PBXFileReference; lastKnownFileType = folder.assetcatalog; path = Assets.xcassets; sourceTree = "<group>"; };
		F76AF287278ED91E00091259 /* Preview Assets.xcassets */ = {isa = PBXFileReference; lastKnownFileType = folder.assetcatalog; path = "Preview Assets.xcassets"; sourceTree = "<group>"; };
		F76AF28E278EE0BA00091259 /* ContentSizeCategoryView.swift */ = {isa = PBXFileReference; lastKnownFileType = sourcecode.swift; path = ContentSizeCategoryView.swift; sourceTree = "<group>"; };
		F76AF293278EE30000091259 /* DarkModeView.swift */ = {isa = PBXFileReference; lastKnownFileType = sourcecode.swift; path = DarkModeView.swift; sourceTree = "<group>"; };
		F76AF295278EE35B00091259 /* SmileCellView.swift */ = {isa = PBXFileReference; lastKnownFileType = sourcecode.swift; path = SmileCellView.swift; sourceTree = "<group>"; };
		F76AF297278EE51300091259 /* DevicesView.swift */ = {isa = PBXFileReference; lastKnownFileType = sourcecode.swift; path = DevicesView.swift; sourceTree = "<group>"; };
		F76AF299278EF98F00091259 /* Main.storyboard */ = {isa = PBXFileReference; lastKnownFileType = file.storyboard; path = Main.storyboard; sourceTree = "<group>"; };
		F76AF29B278EFB1F00091259 /* HomeViewController_Previews.swift */ = {isa = PBXFileReference; lastKnownFileType = sourcecode.swift; path = HomeViewController_Previews.swift; sourceTree = "<group>"; };
		F76AF29E278EFB8F00091259 /* HomeViewController.swift */ = {isa = PBXFileReference; lastKnownFileType = sourcecode.swift; path = HomeViewController.swift; sourceTree = "<group>"; };
/* End PBXFileReference section */

/* Begin PBXFrameworksBuildPhase section */
		F76AF27A278ED91C00091259 /* Frameworks */ = {
			isa = PBXFrameworksBuildPhase;
			buildActionMask = 2147483647;
			files = (
			);
			runOnlyForDeploymentPostprocessing = 0;
		};
/* End PBXFrameworksBuildPhase section */

/* Begin PBXGroup section */
		F76AF274278ED91C00091259 = {
			isa = PBXGroup;
			children = (
				F76AF27F278ED91C00091259 /* SwiftUIPreviews */,
				F76AF27E278ED91C00091259 /* Products */,
			);
			sourceTree = "<group>";
		};
		F76AF27E278ED91C00091259 /* Products */ = {
			isa = PBXGroup;
			children = (
				F76AF27D278ED91C00091259 /* SwiftUIPreviews.app */,
			);
			name = Products;
			sourceTree = "<group>";
		};
		F76AF27F278ED91C00091259 /* SwiftUIPreviews */ = {
			isa = PBXGroup;
			children = (
				F76AF292278EE18300091259 /* AppDrawer */,
				F76AF29D278EFB7800091259 /* ViewControllers */,
				F76AF290278EE15D00091259 /* Views */,
			);
			path = SwiftUIPreviews;
			sourceTree = "<group>";
		};
		F76AF286278ED91E00091259 /* Preview Content */ = {
			isa = PBXGroup;
			children = (
				F76AF287278ED91E00091259 /* Preview Assets.xcassets */,
			);
			path = "Preview Content";
			sourceTree = "<group>";
		};
		F76AF290278EE15D00091259 /* Views */ = {
			isa = PBXGroup;
			children = (
				F76AF282278ED91C00091259 /* ContentView.swift */,
				F76AF297278EE51300091259 /* DevicesView.swift */,
				F76AF28E278EE0BA00091259 /* ContentSizeCategoryView.swift */,
				F76AF293278EE30000091259 /* DarkModeView.swift */,
				F76AF29B278EFB1F00091259 /* HomeViewController_Previews.swift */,
				F76AF295278EE35B00091259 /* SmileCellView.swift */,
			);
			path = Views;
			sourceTree = "<group>";
		};
		F76AF292278EE18300091259 /* AppDrawer */ = {
			isa = PBXGroup;
			children = (
				F76AF280278ED91C00091259 /* SwiftUIPreviewsApp.swift */,
				F76AF284278ED91E00091259 /* Assets.xcassets */,
				F76AF286278ED91E00091259 /* Preview Content */,
			);
			name = AppDrawer;
			sourceTree = "<group>";
		};
		F76AF29D278EFB7800091259 /* ViewControllers */ = {
			isa = PBXGroup;
			children = (
				F76AF299278EF98F00091259 /* Main.storyboard */,
				F76AF29E278EFB8F00091259 /* HomeViewController.swift */,
			);
			path = ViewControllers;
			sourceTree = "<group>";
		};
/* End PBXGroup section */

/* Begin PBXNativeTarget section */
		F76AF27C278ED91C00091259 /* SwiftUIPreviews */ = {
			isa = PBXNativeTarget;
			buildConfigurationList = F76AF28B278ED91E00091259 /* Build configuration list for PBXNativeTarget "SwiftUIPreviews" */;
			buildPhases = (
				F76AF279278ED91C00091259 /* Sources */,
				F76AF27A278ED91C00091259 /* Frameworks */,
				F76AF27B278ED91C00091259 /* Resources */,
			);
			buildRules = (
			);
			dependencies = (
			);
			name = SwiftUIPreviews;
			productName = XcodePreviews;
			productReference = F76AF27D278ED91C00091259 /* SwiftUIPreviews.app */;
			productType = "com.apple.product-type.application";
		};
/* End PBXNativeTarget section */

/* Begin PBXProject section */
		F76AF275278ED91C00091259 /* Project object */ = {
			isa = PBXProject;
			attributes = {
				BuildIndependentTargetsInParallel = 1;
				LastSwiftUpdateCheck = 1320;
				LastUpgradeCheck = 1320;
				TargetAttributes = {
					F76AF27C278ED91C00091259 = {
						CreatedOnToolsVersion = 13.2.1;
					};
				};
			};
			buildConfigurationList = F76AF278278ED91C00091259 /* Build configuration list for PBXProject "SwiftUIPreviews" */;
			compatibilityVersion = "Xcode 13.0";
			developmentRegion = en;
			hasScannedForEncodings = 0;
			knownRegions = (
				en,
				Base,
			);
			mainGroup = F76AF274278ED91C00091259;
			productRefGroup = F76AF27E278ED91C00091259 /* Products */;
			projectDirPath = "";
			projectRoot = "";
			targets = (
				F76AF27C278ED91C00091259 /* SwiftUIPreviews */,
			);
		};
/* End PBXProject section */

/* Begin PBXResourcesBuildPhase section */
		F76AF27B278ED91C00091259 /* Resources */ = {
			isa = PBXResourcesBuildPhase;
			buildActionMask = 2147483647;
			files = (
				F76AF29A278EF98F00091259 /* Main.storyboard in Resources */,
				F76AF288278ED91E00091259 /* Preview Assets.xcassets in Resources */,
				F76AF285278ED91E00091259 /* Assets.xcassets in Resources */,
			);
			runOnlyForDeploymentPostprocessing = 0;
		};
/* End PBXResourcesBuildPhase section */

/* Begin PBXSourcesBuildPhase section */
		F76AF279278ED91C00091259 /* Sources */ = {
			isa = PBXSourcesBuildPhase;
			buildActionMask = 2147483647;
			files = (
				F76AF298278EE51300091259 /* DevicesView.swift in Sources */,
				F76AF29C278EFB1F00091259 /* HomeViewController_Previews.swift in Sources */,
				F76AF28F278EE0BA00091259 /* ContentSizeCategoryView.swift in Sources */,
				F76AF29F278EFB8F00091259 /* HomeViewController.swift in Sources */,
				F76AF296278EE35B00091259 /* SmileCellView.swift in Sources */,
				F76AF283278ED91C00091259 /* ContentView.swift in Sources */,
				F76AF281278ED91C00091259 /* SwiftUIPreviewsApp.swift in Sources */,
				F76AF294278EE30000091259 /* DarkModeView.swift in Sources */,
			);
			runOnlyForDeploymentPostprocessing = 0;
		};
/* End PBXSourcesBuildPhase section */

/* Begin XCBuildConfiguration section */
		F76AF289278ED91E00091259 /* Debug */ = {
			isa = XCBuildConfiguration;
			buildSettings = {
				ALWAYS_SEARCH_USER_PATHS = NO;
				CLANG_ANALYZER_NONNULL = YES;
				CLANG_ANALYZER_NUMBER_OBJECT_CONVERSION = YES_AGGRESSIVE;
				CLANG_CXX_LANGUAGE_STANDARD = "gnu++17";
				CLANG_CXX_LIBRARY = "libc++";
				CLANG_ENABLE_MODULES = YES;
				CLANG_ENABLE_OBJC_ARC = YES;
				CLANG_ENABLE_OBJC_WEAK = YES;
				CLANG_WARN_BLOCK_CAPTURE_AUTORELEASING = YES;
				CLANG_WARN_BOOL_CONVERSION = YES;
				CLANG_WARN_COMMA = YES;
				CLANG_WARN_CONSTANT_CONVERSION = YES;
				CLANG_WARN_DEPRECATED_OBJC_IMPLEMENTATIONS = YES;
				CLANG_WARN_DIRECT_OBJC_ISA_USAGE = YES_ERROR;
				CLANG_WARN_DOCUMENTATION_COMMENTS = YES;
				CLANG_WARN_EMPTY_BODY = YES;
				CLANG_WARN_ENUM_CONVERSION = YES;
				CLANG_WARN_INFINITE_RECURSION = YES;
				CLANG_WARN_INT_CONVERSION = YES;
				CLANG_WARN_NON_LITERAL_NULL_CONVERSION = YES;
				CLANG_WARN_OBJC_IMPLICIT_RETAIN_SELF = YES;
				CLANG_WARN_OBJC_LITERAL_CONVERSION = YES;
				CLANG_WARN_OBJC_ROOT_CLASS = YES_ERROR;
				CLANG_WARN_QUOTED_INCLUDE_IN_FRAMEWORK_HEADER = YES;
				CLANG_WARN_RANGE_LOOP_ANALYSIS = YES;
				CLANG_WARN_STRICT_PROTOTYPES = YES;
				CLANG_WARN_SUSPICIOUS_MOVE = YES;
				CLANG_WARN_UNGUARDED_AVAILABILITY = YES_AGGRESSIVE;
				CLANG_WARN_UNREACHABLE_CODE = YES;
				CLANG_WARN__DUPLICATE_METHOD_MATCH = YES;
				COPY_PHASE_STRIP = NO;
				DEBUG_INFORMATION_FORMAT = dwarf;
				ENABLE_STRICT_OBJC_MSGSEND = YES;
				ENABLE_TESTABILITY = YES;
				GCC_C_LANGUAGE_STANDARD = gnu11;
				GCC_DYNAMIC_NO_PIC = NO;
				GCC_NO_COMMON_BLOCKS = YES;
				GCC_OPTIMIZATION_LEVEL = 0;
				GCC_PREPROCESSOR_DEFINITIONS = (
					"DEBUG=1",
					"$(inherited)",
				);
				GCC_WARN_64_TO_32_BIT_CONVERSION = YES;
				GCC_WARN_ABOUT_RETURN_TYPE = YES_ERROR;
				GCC_WARN_UNDECLARED_SELECTOR = YES;
				GCC_WARN_UNINITIALIZED_AUTOS = YES_AGGRESSIVE;
				GCC_WARN_UNUSED_FUNCTION = YES;
				GCC_WARN_UNUSED_VARIABLE = YES;
				IPHONEOS_DEPLOYMENT_TARGET = 15.2;
				MTL_ENABLE_DEBUG_INFO = INCLUDE_SOURCE;
				MTL_FAST_MATH = YES;
				ONLY_ACTIVE_ARCH = YES;
				SDKROOT = iphoneos;
				SWIFT_ACTIVE_COMPILATION_CONDITIONS = DEBUG;
				SWIFT_OPTIMIZATION_LEVEL = "-Onone";
			};
			name = Debug;
		};
		F76AF28A278ED91E00091259 /* Release */ = {
			isa = XCBuildConfiguration;
			buildSettings = {
				ALWAYS_SEARCH_USER_PATHS = NO;
				CLANG_ANALYZER_NONNULL = YES;
				CLANG_ANALYZER_NUMBER_OBJECT_CONVERSION = YES_AGGRESSIVE;
				CLANG_CXX_LANGUAGE_STANDARD = "gnu++17";
				CLANG_CXX_LIBRARY = "libc++";
				CLANG_ENABLE_MODULES = YES;
				CLANG_ENABLE_OBJC_ARC = YES;
				CLANG_ENABLE_OBJC_WEAK = YES;
				CLANG_WARN_BLOCK_CAPTURE_AUTORELEASING = YES;
				CLANG_WARN_BOOL_CONVERSION = YES;
				CLANG_WARN_COMMA = YES;
				CLANG_WARN_CONSTANT_CONVERSION = YES;
				CLANG_WARN_DEPRECATED_OBJC_IMPLEMENTATIONS = YES;
				CLANG_WARN_DIRECT_OBJC_ISA_USAGE = YES_ERROR;
				CLANG_WARN_DOCUMENTATION_COMMENTS = YES;
				CLANG_WARN_EMPTY_BODY = YES;
				CLANG_WARN_ENUM_CONVERSION = YES;
				CLANG_WARN_INFINITE_RECURSION = YES;
				CLANG_WARN_INT_CONVERSION = YES;
				CLANG_WARN_NON_LITERAL_NULL_CONVERSION = YES;
				CLANG_WARN_OBJC_IMPLICIT_RETAIN_SELF = YES;
				CLANG_WARN_OBJC_LITERAL_CONVERSION = YES;
				CLANG_WARN_OBJC_ROOT_CLASS = YES_ERROR;
				CLANG_WARN_QUOTED_INCLUDE_IN_FRAMEWORK_HEADER = YES;
				CLANG_WARN_RANGE_LOOP_ANALYSIS = YES;
				CLANG_WARN_STRICT_PROTOTYPES = YES;
				CLANG_WARN_SUSPICIOUS_MOVE = YES;
				CLANG_WARN_UNGUARDED_AVAILABILITY = YES_AGGRESSIVE;
				CLANG_WARN_UNREACHABLE_CODE = YES;
				CLANG_WARN__DUPLICATE_METHOD_MATCH = YES;
				COPY_PHASE_STRIP = NO;
				DEBUG_INFORMATION_FORMAT = "dwarf-with-dsym";
				ENABLE_NS_ASSERTIONS = NO;
				ENABLE_STRICT_OBJC_MSGSEND = YES;
				GCC_C_LANGUAGE_STANDARD = gnu11;
				GCC_NO_COMMON_BLOCKS = YES;
				GCC_WARN_64_TO_32_BIT_CONVERSION = YES;
				GCC_WARN_ABOUT_RETURN_TYPE = YES_ERROR;
				GCC_WARN_UNDECLARED_SELECTOR = YES;
				GCC_WARN_UNINITIALIZED_AUTOS = YES_AGGRESSIVE;
				GCC_WARN_UNUSED_FUNCTION = YES;
				GCC_WARN_UNUSED_VARIABLE = YES;
				IPHONEOS_DEPLOYMENT_TARGET = 15.2;
				MTL_ENABLE_DEBUG_INFO = NO;
				MTL_FAST_MATH = YES;
				SDKROOT = iphoneos;
				SWIFT_COMPILATION_MODE = wholemodule;
				SWIFT_OPTIMIZATION_LEVEL = "-O";
				VALIDATE_PRODUCT = YES;
			};
			name = Release;
		};
		F76AF28C278ED91E00091259 /* Debug */ = {
			isa = XCBuildConfiguration;
			buildSettings = {
				ASSETCATALOG_COMPILER_APPICON_NAME = AppIcon;
				ASSETCATALOG_COMPILER_GLOBAL_ACCENT_COLOR_NAME = AccentColor;
				CODE_SIGN_STYLE = Automatic;
				CURRENT_PROJECT_VERSION = 1;
				DEVELOPMENT_ASSET_PATHS = "\"SwiftUIPreviews/Preview Content\"";
				DEVELOPMENT_TEAM = 85373584HZ;
				ENABLE_PREVIEWS = YES;
				GENERATE_INFOPLIST_FILE = YES;
				INFOPLIST_KEY_UIApplicationSceneManifest_Generation = YES;
				INFOPLIST_KEY_UIApplicationSupportsIndirectInputEvents = YES;
				INFOPLIST_KEY_UILaunchScreen_Generation = YES;
				INFOPLIST_KEY_UISupportedInterfaceOrientations_iPad = "UIInterfaceOrientationPortrait UIInterfaceOrientationPortraitUpsideDown UIInterfaceOrientationLandscapeLeft UIInterfaceOrientationLandscapeRight";
				INFOPLIST_KEY_UISupportedInterfaceOrientations_iPhone = "UIInterfaceOrientationPortrait UIInterfaceOrientationLandscapeLeft UIInterfaceOrientationLandscapeRight";
				LD_RUNPATH_SEARCH_PATHS = (
					"$(inherited)",
					"@executable_path/Frameworks",
				);
				MARKETING_VERSION = 1.0;
				PRODUCT_BUNDLE_IDENTIFIER = com.gokhanmutlu.example.SwiftUIPreviews;
				PRODUCT_NAME = "$(TARGET_NAME)";
				SWIFT_EMIT_LOC_STRINGS = YES;
				SWIFT_VERSION = 5.0;
				TARGETED_DEVICE_FAMILY = "1,2";
			};
			name = Debug;
		};
		F76AF28D278ED91E00091259 /* Release */ = {
			isa = XCBuildConfiguration;
			buildSettings = {
				ASSETCATALOG_COMPILER_APPICON_NAME = AppIcon;
				ASSETCATALOG_COMPILER_GLOBAL_ACCENT_COLOR_NAME = AccentColor;
				CODE_SIGN_STYLE = Automatic;
				CURRENT_PROJECT_VERSION = 1;
				DEVELOPMENT_ASSET_PATHS = "\"SwiftUIPreviews/Preview Content\"";
				DEVELOPMENT_TEAM = 85373584HZ;
				ENABLE_PREVIEWS = YES;
				GENERATE_INFOPLIST_FILE = YES;
				INFOPLIST_KEY_UIApplicationSceneManifest_Generation = YES;
				INFOPLIST_KEY_UIApplicationSupportsIndirectInputEvents = YES;
				INFOPLIST_KEY_UILaunchScreen_Generation = YES;
				INFOPLIST_KEY_UISupportedInterfaceOrientations_iPad = "UIInterfaceOrientationPortrait UIInterfaceOrientationPortraitUpsideDown UIInterfaceOrientationLandscapeLeft UIInterfaceOrientationLandscapeRight";
				INFOPLIST_KEY_UISupportedInterfaceOrientations_iPhone = "UIInterfaceOrientationPortrait UIInterfaceOrientationLandscapeLeft UIInterfaceOrientationLandscapeRight";
				LD_RUNPATH_SEARCH_PATHS = (
					"$(inherited)",
					"@executable_path/Frameworks",
				);
				MARKETING_VERSION = 1.0;
				PRODUCT_BUNDLE_IDENTIFIER = com.gokhanmutlu.example.SwiftUIPreviews;
				PRODUCT_NAME = "$(TARGET_NAME)";
				SWIFT_EMIT_LOC_STRINGS = YES;
				SWIFT_VERSION = 5.0;
				TARGETED_DEVICE_FAMILY = "1,2";
			};
			name = Release;
		};
/* End XCBuildConfiguration section */

/* Begin XCConfigurationList section */
		F76AF278278ED91C00091259 /* Build configuration list for PBXProject "SwiftUIPreviews" */ = {
			isa = XCConfigurationList;
			buildConfigurations = (
				F76AF289278ED91E00091259 /* Debug */,
				F76AF28A278ED91E00091259 /* Release */,
			);
			defaultConfigurationIsVisible = 0;
			defaultConfigurationName = Release;
		};
		F76AF28B278ED91E00091259 /* Build configuration list for PBXNativeTarget "SwiftUIPreviews" */ = {
			isa = XCConfigurationList;
			buildConfigurations = (
				F76AF28C278ED91E00091259 /* Debug */,
				F76AF28D278ED91E00091259 /* Release */,
			);
			defaultConfigurationIsVisible = 0;
			defaultConfigurationName = Release;
		};
/* End XCConfigurationList section */
	};
	rootObject = F76AF275278ED91C00091259 /* Project object */;
}
